<?xml version="1.0" encoding="utf-8"?>
<Project xmlns="http://schemas.microsoft.com/developer/msbuild/2003">
  <PropertyGroup>
    <ProjectGuid>{c67436a2-77e5-4e60-abc7-1d0b2d09e181}</ProjectGuid>
    <Configuration Condition=" '$(Configuration)' == '' ">Debug</Configuration>
    <Platform Condition=" '$(Platform)' == '' ">AnyCPU</Platform>
    <DCC_DCCCompiler>DCC32</DCC_DCCCompiler>
    <DCC_DependencyCheckOutputName>..\..\..\release\client\Mir3Client.exe</DCC_DependencyCheckOutputName>
    <MainSource>Mir3Client.dpr</MainSource>
  </PropertyGroup>
  <PropertyGroup Condition=" '$(Configuration)|$(Platform)' == 'Release|AnyCPU' ">
    <Version>7.0</Version>
    <DCC_DebugInformation>False</DCC_DebugInformation>
    <DCC_WriteableConstants>True</DCC_WriteableConstants>
    <DCC_LocalDebugSymbols>False</DCC_LocalDebugSymbols>
    <DCC_SymbolReferenceInfo>0</DCC_SymbolReferenceInfo>
    <DCC_Hints>False</DCC_Hints>
    <DCC_Warnings>False</DCC_Warnings>
    <DCC_MapFile>3</DCC_MapFile>
    <DCC_UnitSearchPath>$(BDS)\lib\Debug;$(BDS)\Lib\Debug\Indy10;C:\Programme\CodeGear\RAD Studio\5.0\source\SelectDesign\Source;C:\Programme\CodeGear\RAD Studio\5.0\source\SelectDesign\SDBurn;C:\Programme\CodeGear\RAD Studio\5.0\source\SelectDesign\SDXOther;C:\Programme\CodeGear\RAD Studio\5.0\source\DirectX9;C:\Programme\CodeGear\RAD Studio\5.0\source\TMS VCL;C:\Programme\CodeGear\RAD Studio\5.0\source\DevExpress Full Installation\XP Theme Manager\Sources;C:\Programme\CodeGear\RAD Studio\5.0\source\DevExpress Full Installation\ExpressBars 6\Sources;C:\Programme\CodeGear\RAD Studio\5.0\source\DevExpress Full Installation\ExpressCommon Library\Sources;C:\Programme\CodeGear\RAD Studio\5.0\source\DevExpress Full Installation\ExpressDataController\Sources;C:\Programme\CodeGear\RAD Studio\5.0\source\DevExpress Full Installation\ExpressDBTree Suite\Sources;C:\Programme\CodeGear\RAD Studio\5.0\source\DevExpress Full Installation\ExpressDocking Library\Sources;C:\Programme\CodeGear\RAD Studio\5.0\source\DevExpress Full Installation\ExpressEditors Library 5\Sources;C:\Programme\CodeGear\RAD Studio\5.0\source\DevExpress Full Installation\ExpressExport Library\Sources;C:\Programme\CodeGear\RAD Studio\5.0\source\DevExpress Full Installation\ExpressFlowChart\Sources;C:\Programme\CodeGear\RAD Studio\5.0\source\DevExpress Full Installation\ExpressGDI+ Library\Sources;C:\Programme\CodeGear\RAD Studio\5.0\source\DevExpress Full Installation\ExpressLayout Control\Sources;C:\Programme\CodeGear\RAD Studio\5.0\source\DevExpress Full Installation\ExpressLibrary\Sources;C:\Programme\CodeGear\RAD Studio\5.0\source\DevExpress Full Installation\ExpressMasterView\Sources;C:\Programme\CodeGear\RAD Studio\5.0\source\DevExpress Full Installation\ExpressMemData\Sources;C:\Programme\CodeGear\RAD Studio\5.0\source\DevExpress Full Installation\ExpressNavBar\Sources;C:\Programme\CodeGear\RAD Studio\5.0\source\DevExpress Full Installation\ExpressOrgChart\Sources;C:\Programme\CodeGear\RAD Studio\5.0\source\DevExpress Full Installation\ExpressPageControl 2\Sources;C:\Programme\CodeGear\RAD Studio\5.0\source\DevExpress Full Installation\ExpressPivotGrid\Sources;C:\Programme\CodeGear\RAD Studio\5.0\source\DevExpress Full Installation\ExpressPrinting System\Sources;C:\Programme\CodeGear\RAD Studio\5.0\source\DevExpress Full Installation\ExpressQuantumTreeList 4\Sources;C:\Programme\CodeGear\RAD Studio\5.0\source\DevExpress Full Installation\ExpressScript Engine\Sources;C:\Programme\CodeGear\RAD Studio\5.0\source\DevExpress Full Installation\ExpressSideBar\Sources;C:\Programme\CodeGear\RAD Studio\5.0\source\DevExpress Full Installation\ExpressSkins Library\Sources;C:\Programme\CodeGear\RAD Studio\5.0\source\DevExpress Full Installation\ExpressSpreadSheet\Sources;C:\Programme\CodeGear\RAD Studio\5.0\source\DevExpress Full Installation\ExpressVerticalGrid\Sources;C:\Programme\CodeGear\RAD Studio\5.0\source\DevExpress Full Installation\ExpressWeb Framework\Sources;C:\Programme\CodeGear\RAD Studio\5.0\source\DevExpress Full Installation\Innerfuse Pascal Script\Sources;G:\World Of Illusion Environment V5\Dev Section\Base Source;G:\World Of Illusion Environment V5\Dev Section\MapEditor;C:\Programme\CodeGear\RAD Studio\5.0\source\SelectDesign\pngimage</DCC_UnitSearchPath>
    <DCC_ResourcePath>$(BDS)\lib\Debug;$(BDS)\Lib\Debug\Indy10;C:\Programme\CodeGear\RAD Studio\5.0\source\SelectDesign\Source;C:\Programme\CodeGear\RAD Studio\5.0\source\SelectDesign\SDBurn;C:\Programme\CodeGear\RAD Studio\5.0\source\SelectDesign\SDXOther;C:\Programme\CodeGear\RAD Studio\5.0\source\DirectX9;C:\Programme\CodeGear\RAD Studio\5.0\source\TMS VCL;C:\Programme\CodeGear\RAD Studio\5.0\source\DevExpress Full Installation\XP Theme Manager\Sources;C:\Programme\CodeGear\RAD Studio\5.0\source\DevExpress Full Installation\ExpressBars 6\Sources;C:\Programme\CodeGear\RAD Studio\5.0\source\DevExpress Full Installation\ExpressCommon Library\Sources;C:\Programme\CodeGear\RAD Studio\5.0\source\DevExpress Full Installation\ExpressDataController\Sources;C:\Programme\CodeGear\RAD Studio\5.0\source\DevExpress Full Installation\ExpressDBTree Suite\Sources;C:\Programme\CodeGear\RAD Studio\5.0\source\DevExpress Full Installation\ExpressDocking Library\Sources;C:\Programme\CodeGear\RAD Studio\5.0\source\DevExpress Full Installation\ExpressEditors Library 5\Sources;C:\Programme\CodeGear\RAD Studio\5.0\source\DevExpress Full Installation\ExpressExport Library\Sources;C:\Programme\CodeGear\RAD Studio\5.0\source\DevExpress Full Installation\ExpressFlowChart\Sources;C:\Programme\CodeGear\RAD Studio\5.0\source\DevExpress Full Installation\ExpressGDI+ Library\Sources;C:\Programme\CodeGear\RAD Studio\5.0\source\DevExpress Full Installation\ExpressLayout Control\Sources;C:\Programme\CodeGear\RAD Studio\5.0\source\DevExpress Full Installation\ExpressLibrary\Sources;C:\Programme\CodeGear\RAD Studio\5.0\source\DevExpress Full Installation\ExpressMasterView\Sources;C:\Programme\CodeGear\RAD Studio\5.0\source\DevExpress Full Installation\ExpressMemData\Sources;C:\Programme\CodeGear\RAD Studio\5.0\source\DevExpress Full Installation\ExpressNavBar\Sources;C:\Programme\CodeGear\RAD Studio\5.0\source\DevExpress Full Installation\ExpressOrgChart\Sources;C:\Programme\CodeGear\RAD Studio\5.0\source\DevExpress Full Installation\ExpressPageControl 2\Sources;C:\Programme\CodeGear\RAD Studio\5.0\source\DevExpress Full Installation\ExpressPivotGrid\Sources;C:\Programme\CodeGear\RAD Studio\5.0\source\DevExpress Full Installation\ExpressPrinting System\Sources;C:\Programme\CodeGear\RAD Studio\5.0\source\DevExpress Full Installation\ExpressQuantumTreeList 4\Sources;C:\Programme\CodeGear\RAD Studio\5.0\source\DevExpress Full Installation\ExpressScript Engine\Sources;C:\Programme\CodeGear\RAD Studio\5.0\source\DevExpress Full Installation\ExpressSideBar\Sources;C:\Programme\CodeGear\RAD Studio\5.0\source\DevExpress Full Installation\ExpressSkins Library\Sources;C:\Programme\CodeGear\RAD Studio\5.0\source\DevExpress Full Installation\ExpressSpreadSheet\Sources;C:\Programme\CodeGear\RAD Studio\5.0\source\DevExpress Full Installation\ExpressVerticalGrid\Sources;C:\Programme\CodeGear\RAD Studio\5.0\source\DevExpress Full Installation\ExpressWeb Framework\Sources;C:\Programme\CodeGear\RAD Studio\5.0\source\DevExpress Full Installation\Innerfuse Pascal Script\Sources;G:\World Of Illusion Environment V5\Dev Section\Base Source;G:\World Of Illusion Environment V5\Dev Section\MapEditor;C:\Programme\CodeGear\RAD Studio\5.0\source\SelectDesign\pngimage</DCC_ResourcePath>
    <DCC_ObjPath>$(BDS)\lib\Debug;$(BDS)\Lib\Debug\Indy10;C:\Programme\CodeGear\RAD Studio\5.0\source\SelectDesign\Source;C:\Programme\CodeGear\RAD Studio\5.0\source\SelectDesign\SDBurn;C:\Programme\CodeGear\RAD Studio\5.0\source\SelectDesign\SDXOther;C:\Programme\CodeGear\RAD Studio\5.0\source\DirectX9;C:\Programme\CodeGear\RAD Studio\5.0\source\TMS VCL;C:\Programme\CodeGear\RAD Studio\5.0\source\DevExpress Full Installation\XP Theme Manager\Sources;C:\Programme\CodeGear\RAD Studio\5.0\source\DevExpress Full Installation\ExpressBars 6\Sources;C:\Programme\CodeGear\RAD Studio\5.0\source\DevExpress Full Installation\ExpressCommon Library\Sources;C:\Programme\CodeGear\RAD Studio\5.0\source\DevExpress Full Installation\ExpressDataController\Sources;C:\Programme\CodeGear\RAD Studio\5.0\source\DevExpress Full Installation\ExpressDBTree Suite\Sources;C:\Programme\CodeGear\RAD Studio\5.0\source\DevExpress Full Installation\ExpressDocking Library\Sources;C:\Programme\CodeGear\RAD Studio\5.0\source\DevExpress Full Installation\ExpressEditors Library 5\Sources;C:\Programme\CodeGear\RAD Studio\5.0\source\DevExpress Full Installation\ExpressExport Library\Sources;C:\Programme\CodeGear\RAD Studio\5.0\source\DevExpress Full Installation\ExpressFlowChart\Sources;C:\Programme\CodeGear\RAD Studio\5.0\source\DevExpress Full Installation\ExpressGDI+ Library\Sources;C:\Programme\CodeGear\RAD Studio\5.0\source\DevExpress Full Installation\ExpressLayout Control\Sources;C:\Programme\CodeGear\RAD Studio\5.0\source\DevExpress Full Installation\ExpressLibrary\Sources;C:\Programme\CodeGear\RAD Studio\5.0\source\DevExpress Full Installation\ExpressMasterView\Sources;C:\Programme\CodeGear\RAD Studio\5.0\source\DevExpress Full Installation\ExpressMemData\Sources;C:\Programme\CodeGear\RAD Studio\5.0\source\DevExpress Full Installation\ExpressNavBar\Sources;C:\Programme\CodeGear\RAD Studio\5.0\source\DevExpress Full Installation\ExpressOrgChart\Sources;C:\Programme\CodeGear\RAD Studio\5.0\source\DevExpress Full Installation\ExpressPageControl 2\Sources;C:\Programme\CodeGear\RAD Studio\5.0\source\DevExpress Full Installation\ExpressPivotGrid\Sources;C:\Programme\CodeGear\RAD Studio\5.0\source\DevExpress Full Installation\ExpressPrinting System\Sources;C:\Programme\CodeGear\RAD Studio\5.0\source\DevExpress Full Installation\ExpressQuantumTreeList 4\Sources;C:\Programme\CodeGear\RAD Studio\5.0\source\DevExpress Full Installation\ExpressScript Engine\Sources;C:\Programme\CodeGear\RAD Studio\5.0\source\DevExpress Full Installation\ExpressSideBar\Sources;C:\Programme\CodeGear\RAD Studio\5.0\source\DevExpress Full Installation\ExpressSkins Library\Sources;C:\Programme\CodeGear\RAD Studio\5.0\source\DevExpress Full Installation\ExpressSpreadSheet\Sources;C:\Programme\CodeGear\RAD Studio\5.0\source\DevExpress Full Installation\ExpressVerticalGrid\Sources;C:\Programme\CodeGear\RAD Studio\5.0\source\DevExpress Full Installation\ExpressWeb Framework\Sources;C:\Programme\CodeGear\RAD Studio\5.0\source\DevExpress Full Installation\Innerfuse Pascal Script\Sources;G:\World Of Illusion Environment V5\Dev Section\Base Source;G:\World Of Illusion Environment V5\Dev Section\MapEditor;C:\Programme\CodeGear\RAD Studio\5.0\source\SelectDesign\pngimage</DCC_ObjPath>
    <DCC_IncludePath>$(BDS)\lib\Debug;$(BDS)\Lib\Debug\Indy10;C:\Programme\CodeGear\RAD Studio\5.0\source\SelectDesign\Source;C:\Programme\CodeGear\RAD Studio\5.0\source\SelectDesign\SDBurn;C:\Programme\CodeGear\RAD Studio\5.0\source\SelectDesign\SDXOther;C:\Programme\CodeGear\RAD Studio\5.0\source\DirectX9;C:\Programme\CodeGear\RAD Studio\5.0\source\TMS VCL;C:\Programme\CodeGear\RAD Studio\5.0\source\DevExpress Full Installation\XP Theme Manager\Sources;C:\Programme\CodeGear\RAD Studio\5.0\source\DevExpress Full Installation\ExpressBars 6\Sources;C:\Programme\CodeGear\RAD Studio\5.0\source\DevExpress Full Installation\ExpressCommon Library\Sources;C:\Programme\CodeGear\RAD Studio\5.0\source\DevExpress Full Installation\ExpressDataController\Sources;C:\Programme\CodeGear\RAD Studio\5.0\source\DevExpress Full Installation\ExpressDBTree Suite\Sources;C:\Programme\CodeGear\RAD Studio\5.0\source\DevExpress Full Installation\ExpressDocking Library\Sources;C:\Programme\CodeGear\RAD Studio\5.0\source\DevExpress Full Installation\ExpressEditors Library 5\Sources;C:\Programme\CodeGear\RAD Studio\5.0\source\DevExpress Full Installation\ExpressExport Library\Sources;C:\Programme\CodeGear\RAD Studio\5.0\source\DevExpress Full Installation\ExpressFlowChart\Sources;C:\Programme\CodeGear\RAD Studio\5.0\source\DevExpress Full Installation\ExpressGDI+ Library\Sources;C:\Programme\CodeGear\RAD Studio\5.0\source\DevExpress Full Installation\ExpressLayout Control\Sources;C:\Programme\CodeGear\RAD Studio\5.0\source\DevExpress Full Installation\ExpressLibrary\Sources;C:\Programme\CodeGear\RAD Studio\5.0\source\DevExpress Full Installation\ExpressMasterView\Sources;C:\Programme\CodeGear\RAD Studio\5.0\source\DevExpress Full Installation\ExpressMemData\Sources;C:\Programme\CodeGear\RAD Studio\5.0\source\DevExpress Full Installation\ExpressNavBar\Sources;C:\Programme\CodeGear\RAD Studio\5.0\source\DevExpress Full Installation\ExpressOrgChart\Sources;C:\Programme\CodeGear\RAD Studio\5.0\source\DevExpress Full Installation\ExpressPageControl 2\Sources;C:\Programme\CodeGear\RAD Studio\5.0\source\DevExpress Full Installation\ExpressPivotGrid\Sources;C:\Programme\CodeGear\RAD Studio\5.0\source\DevExpress Full Installation\ExpressPrinting System\Sources;C:\Programme\CodeGear\RAD Studio\5.0\source\DevExpress Full Installation\ExpressQuantumTreeList 4\Sources;C:\Programme\CodeGear\RAD Studio\5.0\source\DevExpress Full Installation\ExpressScript Engine\Sources;C:\Programme\CodeGear\RAD Studio\5.0\source\DevExpress Full Installation\ExpressSideBar\Sources;C:\Programme\CodeGear\RAD Studio\5.0\source\DevExpress Full Installation\ExpressSkins Library\Sources;C:\Programme\CodeGear\RAD Studio\5.0\source\DevExpress Full Installation\ExpressSpreadSheet\Sources;C:\Programme\CodeGear\RAD Studio\5.0\source\DevExpress Full Installation\ExpressVerticalGrid\Sources;C:\Programme\CodeGear\RAD Studio\5.0\source\DevExpress Full Installation\ExpressWeb Framework\Sources;C:\Programme\CodeGear\RAD Studio\5.0\source\DevExpress Full Installation\Innerfuse Pascal Script\Sources;G:\World Of Illusion Environment V5\Dev Section\Base Source;G:\World Of Illusion Environment V5\Dev Section\MapEditor;C:\Programme\CodeGear\RAD Studio\5.0\source\SelectDesign\pngimage</DCC_IncludePath>
    <DCC_Define>DEBUG;DEBUG;DEBUG;RELEASE</DCC_Define>
  </PropertyGroup>
  <PropertyGroup Condition=" '$(Configuration)|$(Platform)' == 'Debug|AnyCPU' ">
    <Version>7.0</Version>
    <DCC_WriteableConstants>True</DCC_WriteableConstants>
    <DCC_SymbolReferenceInfo>2</DCC_SymbolReferenceInfo>
    <DCC_Hints>False</DCC_Hints>
    <DCC_Warnings>False</DCC_Warnings>
    <DCC_MapFile>3</DCC_MapFile>
    <DCC_UnitSearchPath>.\GameCommon;.\GameEngine;.\GameEngine\ZLib;.\GameEngine\Ogg Vorbis;.\GameEngine\DirectX;.\Game Client</DCC_UnitSearchPath>
    <DCC_ResourcePath>.\GameCommon;.\GameEngine;.\GameEngine\ZLib;.\GameEngine\Ogg Vorbis;.\GameEngine\DirectX;.\Game Client</DCC_ResourcePath>
    <DCC_ObjPath>.\GameCommon;.\GameEngine;.\GameEngine\ZLib;.\GameEngine\Ogg Vorbis;.\GameEngine\DirectX;.\Game Client</DCC_ObjPath>
    <DCC_IncludePath>.\GameCommon;.\GameEngine;.\GameEngine\ZLib;.\GameEngine\Ogg Vorbis;.\GameEngine\DirectX;.\Game Client</DCC_IncludePath>
    <DCC_Define>DEBUG</DCC_Define>
    <DCC_ExeOutput>..\..\..\release\client</DCC_ExeOutput>
    <DCC_DcuOutput>..\..\dcu</DCC_DcuOutput>
    <DCC_ObjOutput>..\..\dcu</DCC_ObjOutput>
    <DCC_HppOutput>..\..\dcu</DCC_HppOutput>
  </PropertyGroup>
  <ProjectExtensions>
    <Borland.Personality>Delphi.Personality</Borland.Personality>
    <Borland.ProjectType />
    <BorlandProject>
<BorlandProject><Delphi.Personality><Parameters><Parameters Name="UseLauncher">False</Parameters><Parameters Name="LoadAllSymbols">True</Parameters><Parameters Name="LoadUnspecifiedSymbols">False</Parameters><Parameters Name="RunParams">launcher</Parameters></Parameters><VersionInfo><VersionInfo Name="IncludeVerInfo">False</VersionInfo><VersionInfo Name="AutoIncBuild">False</VersionInfo><VersionInfo Name="MajorVer">0</VersionInfo><VersionInfo Name="MinorVer">0</VersionInfo><VersionInfo Name="Release">0</VersionInfo><VersionInfo Name="Build">1</VersionInfo><VersionInfo Name="Debug">False</VersionInfo><VersionInfo Name="PreRelease">False</VersionInfo><VersionInfo Name="Special">False</VersionInfo><VersionInfo Name="Private">False</VersionInfo><VersionInfo Name="DLL">False</VersionInfo><VersionInfo Name="Locale">1031</VersionInfo><VersionInfo Name="CodePage">1252</VersionInfo></VersionInfo><VersionInfoKeys><VersionInfoKeys Name="CompanyName">LomCN.co.uk</VersionInfoKeys><VersionInfoKeys Name="FileDescription">LomCN Mir3 Client</VersionInfoKeys><VersionInfoKeys Name="FileVersion">0.0.0.1</VersionInfoKeys><VersionInfoKeys Name="InternalName">coly mir3 engine</VersionInfoKeys><VersionInfoKeys Name="LegalCopyright">Illusion Server Team</VersionInfoKeys><VersionInfoKeys Name="LegalTrademarks"></VersionInfoKeys><VersionInfoKeys Name="OriginalFilename"></VersionInfoKeys><VersionInfoKeys Name="ProductName"></VersionInfoKeys><VersionInfoKeys Name="ProductVersion">0.0.0.1</VersionInfoKeys><VersionInfoKeys Name="Comments"></VersionInfoKeys></VersionInfoKeys><Excluded_Packages>
      
      
      
      <Excluded_Packages Name="C:\Dokumente und Einstellungen\All Users\Dokumente\RAD Studio\5.0\Bpl\D7WinNetworkSocket.bpl">WinSocket Server / Client</Excluded_Packages>
      <Excluded_Packages Name="C:\Dokumente und Einstellungen\All Users\Dokumente\RAD Studio\5.0\Bpl\dclsdac105.bpl">SQL Server Data Access Components</Excluded_Packages>
      <Excluded_Packages Name="C:\Dokumente und Einstellungen\All Users\Dokumente\RAD Studio\5.0\Bpl\dcldac105.bpl">Devart Data Access Components</Excluded_Packages>
    </Excluded_Packages><Source><Source Name="MainSource">Mir3Client.dpr</Source></Source></Delphi.Personality></BorlandProject></BorlandProject>
  </ProjectExtensions>
  <Import Project="$(MSBuildBinPath)\Borland.Delphi.Targets" />
  <PropertyGroup>
    <PostBuildEvent>clean_release.bat</PostBuildEvent>
  </PropertyGroup>
  <ItemGroup>
    <DelphiCompile Include="Mir3Client.dpr">
      <MainSource>MainSource</MainSource>
    </DelphiCompile>
    <DCCReference Include="..\..\Common\JSocket.pas" />
    <DCCReference Include="..\..\Common\mir3_game_en_decode.pas" />
    <DCCReference Include="..\..\Common\mir3_global_config.pas" />
    <DCCReference Include="GameCommon\mir3_misc_ingame.pas" />
    <DCCReference Include="GameCommon\mir3_misc_utils.pas" />
    <DCCReference Include="GameControls\mir3_core_controls.pas" />
    <DCCReference Include="GameControls\mir3_game_gui_defination.pas" />
    <DCCReference Include="GameEngine\mir3_game_backend.pas" />
    <DCCReference Include="GameEngine\mir3_game_engine.pas" />
    <DCCReference Include="GameEngine\mir3_game_engine_def.pas" />
    <DCCReference Include="GameEngine\mir3_game_file_manager.pas" />
    <DCCReference Include="GameEngine\mir3_game_file_manager_const.pas" />
    <DCCReference Include="GameEngine\mir3_game_font_engine.pas" />
    <DCCReference Include="GameEngine\mir3_game_sound.pas" />
    <DCCReference Include="GameInternal\mir3_game_actor.pas" />
    <DCCReference Include="GameInternal\mir3_game_actor_action.pas" />
    <DCCReference Include="GameInternal\mir3_game_language_engine.pas" />
    <DCCReference Include="GameInternal\mir3_game_map_framework.pas" />
    <DCCReference Include="GameScene\mir3_game_scene_ingame.pas" />
    <DCCReference Include="GameScene\mir3_game_scene_logon.pas" />
    <DCCReference Include="GameScene\mir3_game_scene_selectchar.pas" />
    <None Include="TODO_List.txt" />
  </ItemGroup>
</Project>
<!-- EurekaLog First Line
[Exception Log]
EurekaLog Version=7000
EurekaLog Last Line -->